// !$*UTF8*$!
{
	archiveVersion = 1;
	classes = {
	};
	objectVersion = 56;
	objects = {

/* Begin PBXBuildFile section */
		C92FD1972B9B0F6500741F9C /* Buttons.swift in Sources */ = {isa = PBXBuildFile; fileRef = C92FD1962B9B0F6500741F9C /* Buttons.swift */; };
		C9B8DA032B9AA44100CA2E0D /* MtgLifeCounter_iOSApp.swift in Sources */ = {isa = PBXBuildFile; fileRef = C9B8DA022B9AA44100CA2E0D /* MtgLifeCounter_iOSApp.swift */; };
		C9B8DA052B9AA44100CA2E0D /* Life.swift in Sources */ = {isa = PBXBuildFile; fileRef = C9B8DA042B9AA44100CA2E0D /* Life.swift */; };
		C9B8DA072B9AA44200CA2E0D /* Assets.xcassets in Resources */ = {isa = PBXBuildFile; fileRef = C9B8DA062B9AA44200CA2E0D /* Assets.xcassets */; };
		C9B8DA152B9AA44200CA2E0D /* mtg_life_counter_iosTests.swift in Sources */ = {isa = PBXBuildFile; fileRef = C9B8DA142B9AA44200CA2E0D /* mtg_life_counter_iosTests.swift */; };
		C9B8DA1F2B9AA44300CA2E0D /* mtg_life_counter_iosUITests.swift in Sources */ = {isa = PBXBuildFile; fileRef = C9B8DA1E2B9AA44300CA2E0D /* mtg_life_counter_iosUITests.swift */; };
		C9B8DA212B9AA44300CA2E0D /* mtg_life_counter_iosUITestsLaunchTests.swift in Sources */ = {isa = PBXBuildFile; fileRef = C9B8DA202B9AA44300CA2E0D /* mtg_life_counter_iosUITestsLaunchTests.swift */; };
		C9B8DA302B9AAA3900CA2E0D /* Counter.swift in Sources */ = {isa = PBXBuildFile; fileRef = C9B8DA2F2B9AAA3900CA2E0D /* Counter.swift */; };
		C9B8DA332B9AB1A800CA2E0D /* LifeEntity.swift in Sources */ = {isa = PBXBuildFile; fileRef = C9B8DA322B9AB1A800CA2E0D /* LifeEntity.swift */; };
		C9B8DA382B9ABAA400CA2E0D /* Preview Assets.xcassets in Resources */ = {isa = PBXBuildFile; fileRef = C9B8DA372B9ABAA400CA2E0D /* Preview Assets.xcassets */; };
/* End PBXBuildFile section */

/* Begin PBXContainerItemProxy section */
		C9B8DA112B9AA44200CA2E0D /* PBXContainerItemProxy */ = {
			isa = PBXContainerItemProxy;
			containerPortal = C9B8D9F72B9AA44100CA2E0D /* Project object */;
			proxyType = 1;
			remoteGlobalIDString = C9B8D9FE2B9AA44100CA2E0D;
			remoteInfo = "mtg-life-counter-ios";
		};
		C9B8DA1B2B9AA44300CA2E0D /* PBXContainerItemProxy */ = {
			isa = PBXContainerItemProxy;
			containerPortal = C9B8D9F72B9AA44100CA2E0D /* Project object */;
			proxyType = 1;
			remoteGlobalIDString = C9B8D9FE2B9AA44100CA2E0D;
			remoteInfo = "mtg-life-counter-ios";
		};
/* End PBXContainerItemProxy section */

/* Begin PBXFileReference section */
		C92FD1962B9B0F6500741F9C /* Buttons.swift */ = {isa = PBXFileReference; lastKnownFileType = sourcecode.swift; path = Buttons.swift; sourceTree = "<group>"; };
		C9B8D9FF2B9AA44100CA2E0D /* mtg-life-counter-ios.app */ = {isa = PBXFileReference; explicitFileType = wrapper.application; includeInIndex = 0; path = "mtg-life-counter-ios.app"; sourceTree = BUILT_PRODUCTS_DIR; };
		C9B8DA022B9AA44100CA2E0D /* MtgLifeCounter_iOSApp.swift */ = {isa = PBXFileReference; lastKnownFileType = sourcecode.swift; path = MtgLifeCounter_iOSApp.swift; sourceTree = "<group>"; };
		C9B8DA042B9AA44100CA2E0D /* Life.swift */ = {isa = PBXFileReference; lastKnownFileType = sourcecode.swift; path = Life.swift; sourceTree = "<group>"; };
		C9B8DA062B9AA44200CA2E0D /* Assets.xcassets */ = {isa = PBXFileReference; lastKnownFileType = folder.assetcatalog; path = Assets.xcassets; sourceTree = "<group>"; };
		C9B8DA082B9AA44200CA2E0D /* mtg_life_counter_ios.entitlements */ = {isa = PBXFileReference; lastKnownFileType = text.plist.entitlements; path = mtg_life_counter_ios.entitlements; sourceTree = "<group>"; };
		C9B8DA102B9AA44200CA2E0D /* mtg-life-counter-iosTests.xctest */ = {isa = PBXFileReference; explicitFileType = wrapper.cfbundle; includeInIndex = 0; path = "mtg-life-counter-iosTests.xctest"; sourceTree = BUILT_PRODUCTS_DIR; };
		C9B8DA142B9AA44200CA2E0D /* mtg_life_counter_iosTests.swift */ = {isa = PBXFileReference; lastKnownFileType = sourcecode.swift; path = mtg_life_counter_iosTests.swift; sourceTree = "<group>"; };
		C9B8DA1A2B9AA44300CA2E0D /* mtg-life-counter-iosUITests.xctest */ = {isa = PBXFileReference; explicitFileType = wrapper.cfbundle; includeInIndex = 0; path = "mtg-life-counter-iosUITests.xctest"; sourceTree = BUILT_PRODUCTS_DIR; };
		C9B8DA1E2B9AA44300CA2E0D /* mtg_life_counter_iosUITests.swift */ = {isa = PBXFileReference; lastKnownFileType = sourcecode.swift; path = mtg_life_counter_iosUITests.swift; sourceTree = "<group>"; };
		C9B8DA202B9AA44300CA2E0D /* mtg_life_counter_iosUITestsLaunchTests.swift */ = {isa = PBXFileReference; lastKnownFileType = sourcecode.swift; path = mtg_life_counter_iosUITestsLaunchTests.swift; sourceTree = "<group>"; };
		C9B8DA2F2B9AAA3900CA2E0D /* Counter.swift */ = {isa = PBXFileReference; lastKnownFileType = sourcecode.swift; path = Counter.swift; sourceTree = "<group>"; };
		C9B8DA322B9AB1A800CA2E0D /* LifeEntity.swift */ = {isa = PBXFileReference; lastKnownFileType = sourcecode.swift; path = LifeEntity.swift; sourceTree = "<group>"; };
		C9B8DA372B9ABAA400CA2E0D /* Preview Assets.xcassets */ = {isa = PBXFileReference; lastKnownFileType = folder.assetcatalog; path = "Preview Assets.xcassets"; sourceTree = "<group>"; };
/* End PBXFileReference section */

/* Begin PBXFrameworksBuildPhase section */
		C9B8D9FC2B9AA44100CA2E0D /* Frameworks */ = {
			isa = PBXFrameworksBuildPhase;
			buildActionMask = 2147483647;
			files = (
			);
			runOnlyForDeploymentPostprocessing = 0;
		};
		C9B8DA0D2B9AA44200CA2E0D /* Frameworks */ = {
			isa = PBXFrameworksBuildPhase;
			buildActionMask = 2147483647;
			files = (
			);
			runOnlyForDeploymentPostprocessing = 0;
		};
		C9B8DA172B9AA44300CA2E0D /* Frameworks */ = {
			isa = PBXFrameworksBuildPhase;
			buildActionMask = 2147483647;
			files = (
			);
			runOnlyForDeploymentPostprocessing = 0;
		};
/* End PBXFrameworksBuildPhase section */

/* Begin PBXGroup section */
		C9B8D9F62B9AA44100CA2E0D = {
			isa = PBXGroup;
			children = (
				C9B8DA012B9AA44100CA2E0D /* mtg-life-counter-ios */,
				C9B8DA132B9AA44200CA2E0D /* mtg-life-counter-iosTests */,
				C9B8DA1D2B9AA44300CA2E0D /* mtg-life-counter-iosUITests */,
				C9B8DA002B9AA44100CA2E0D /* Products */,
			);
			sourceTree = "<group>";
		};
		C9B8DA002B9AA44100CA2E0D /* Products */ = {
			isa = PBXGroup;
			children = (
				C9B8D9FF2B9AA44100CA2E0D /* mtg-life-counter-ios.app */,
				C9B8DA102B9AA44200CA2E0D /* mtg-life-counter-iosTests.xctest */,
				C9B8DA1A2B9AA44300CA2E0D /* mtg-life-counter-iosUITests.xctest */,
			);
			name = Products;
			sourceTree = "<group>";
		};
		C9B8DA012B9AA44100CA2E0D /* mtg-life-counter-ios */ = {
			isa = PBXGroup;
			children = (
				C9B8DA2E2B9AA8DF00CA2E0D /* asset */,
				C9B8DA392B9ABB5600CA2E0D /* app */,
				C9B8DA312B9AB19800CA2E0D /* entity */,
				C9B8DA2D2B9AA8CB00CA2E0D /* ui */,
			);
			path = "mtg-life-counter-ios";
			sourceTree = "<group>";
		};
		C9B8DA132B9AA44200CA2E0D /* mtg-life-counter-iosTests */ = {
			isa = PBXGroup;
			children = (
				C9B8DA142B9AA44200CA2E0D /* mtg_life_counter_iosTests.swift */,
			);
			path = "mtg-life-counter-iosTests";
			sourceTree = "<group>";
		};
		C9B8DA1D2B9AA44300CA2E0D /* mtg-life-counter-iosUITests */ = {
			isa = PBXGroup;
			children = (
				C9B8DA1E2B9AA44300CA2E0D /* mtg_life_counter_iosUITests.swift */,
				C9B8DA202B9AA44300CA2E0D /* mtg_life_counter_iosUITestsLaunchTests.swift */,
			);
			path = "mtg-life-counter-iosUITests";
			sourceTree = "<group>";
		};
		C9B8DA2D2B9AA8CB00CA2E0D /* ui */ = {
			isa = PBXGroup;
			children = (
				C9B8DA042B9AA44100CA2E0D /* Life.swift */,
				C9B8DA2F2B9AAA3900CA2E0D /* Counter.swift */,
				C92FD1962B9B0F6500741F9C /* Buttons.swift */,
			);
			path = ui;
			sourceTree = "<group>";
		};
		C9B8DA2E2B9AA8DF00CA2E0D /* asset */ = {
			isa = PBXGroup;
			children = (
				C9B8DA082B9AA44200CA2E0D /* mtg_life_counter_ios.entitlements */,
				C9B8DA372B9ABAA400CA2E0D /* Preview Assets.xcassets */,
				C9B8DA062B9AA44200CA2E0D /* Assets.xcassets */,
			);
			path = asset;
			sourceTree = "<group>";
		};
		C9B8DA312B9AB19800CA2E0D /* entity */ = {
			isa = PBXGroup;
			children = (
				C9B8DA322B9AB1A800CA2E0D /* LifeEntity.swift */,
			);
			path = entity;
			sourceTree = "<group>";
		};
		C9B8DA392B9ABB5600CA2E0D /* app */ = {
			isa = PBXGroup;
			children = (
				C9B8DA022B9AA44100CA2E0D /* MtgLifeCounter_iOSApp.swift */,
			);
			path = app;
			sourceTree = "<group>";
		};
/* End PBXGroup section */

/* Begin PBXNativeTarget section */
		C9B8D9FE2B9AA44100CA2E0D /* mtg-life-counter-ios */ = {
			isa = PBXNativeTarget;
			buildConfigurationList = C9B8DA242B9AA44300CA2E0D /* Build configuration list for PBXNativeTarget "mtg-life-counter-ios" */;
			buildPhases = (
				C9B8D9FB2B9AA44100CA2E0D /* Sources */,
				C9B8D9FC2B9AA44100CA2E0D /* Frameworks */,
				C9B8D9FD2B9AA44100CA2E0D /* Resources */,
			);
			buildRules = (
			);
			dependencies = (
			);
			name = "mtg-life-counter-ios";
			productName = "mtg-life-counter-ios";
			productReference = C9B8D9FF2B9AA44100CA2E0D /* mtg-life-counter-ios.app */;
			productType = "com.apple.product-type.application";
		};
		C9B8DA0F2B9AA44200CA2E0D /* mtg-life-counter-iosTests */ = {
			isa = PBXNativeTarget;
			buildConfigurationList = C9B8DA272B9AA44300CA2E0D /* Build configuration list for PBXNativeTarget "mtg-life-counter-iosTests" */;
			buildPhases = (
				C9B8DA0C2B9AA44200CA2E0D /* Sources */,
				C9B8DA0D2B9AA44200CA2E0D /* Frameworks */,
				C9B8DA0E2B9AA44200CA2E0D /* Resources */,
			);
			buildRules = (
			);
			dependencies = (
				C9B8DA122B9AA44200CA2E0D /* PBXTargetDependency */,
			);
			name = "mtg-life-counter-iosTests";
			productName = "mtg-life-counter-iosTests";
			productReference = C9B8DA102B9AA44200CA2E0D /* mtg-life-counter-iosTests.xctest */;
			productType = "com.apple.product-type.bundle.unit-test";
		};
		C9B8DA192B9AA44300CA2E0D /* mtg-life-counter-iosUITests */ = {
			isa = PBXNativeTarget;
			buildConfigurationList = C9B8DA2A2B9AA44300CA2E0D /* Build configuration list for PBXNativeTarget "mtg-life-counter-iosUITests" */;
			buildPhases = (
				C9B8DA162B9AA44300CA2E0D /* Sources */,
				C9B8DA172B9AA44300CA2E0D /* Frameworks */,
				C9B8DA182B9AA44300CA2E0D /* Resources */,
			);
			buildRules = (
			);
			dependencies = (
				C9B8DA1C2B9AA44300CA2E0D /* PBXTargetDependency */,
			);
			name = "mtg-life-counter-iosUITests";
			productName = "mtg-life-counter-iosUITests";
			productReference = C9B8DA1A2B9AA44300CA2E0D /* mtg-life-counter-iosUITests.xctest */;
			productType = "com.apple.product-type.bundle.ui-testing";
		};
/* End PBXNativeTarget section */

/* Begin PBXProject section */
		C9B8D9F72B9AA44100CA2E0D /* Project object */ = {
			isa = PBXProject;
			attributes = {
				BuildIndependentTargetsInParallel = 1;
				LastSwiftUpdateCheck = 1510;
				LastUpgradeCheck = 1510;
				TargetAttributes = {
					C9B8D9FE2B9AA44100CA2E0D = {
						CreatedOnToolsVersion = 15.1;
					};
					C9B8DA0F2B9AA44200CA2E0D = {
						CreatedOnToolsVersion = 15.1;
						TestTargetID = C9B8D9FE2B9AA44100CA2E0D;
					};
					C9B8DA192B9AA44300CA2E0D = {
						CreatedOnToolsVersion = 15.1;
						TestTargetID = C9B8D9FE2B9AA44100CA2E0D;
					};
				};
			};
			buildConfigurationList = C9B8D9FA2B9AA44100CA2E0D /* Build configuration list for PBXProject "mtg-life-counter-ios" */;
			compatibilityVersion = "Xcode 14.0";
			developmentRegion = en;
			hasScannedForEncodings = 0;
			knownRegions = (
				en,
				Base,
			);
			mainGroup = C9B8D9F62B9AA44100CA2E0D;
			productRefGroup = C9B8DA002B9AA44100CA2E0D /* Products */;
			projectDirPath = "";
			projectRoot = "";
			targets = (
				C9B8D9FE2B9AA44100CA2E0D /* mtg-life-counter-ios */,
				C9B8DA0F2B9AA44200CA2E0D /* mtg-life-counter-iosTests */,
				C9B8DA192B9AA44300CA2E0D /* mtg-life-counter-iosUITests */,
			);
		};
/* End PBXProject section */

/* Begin PBXResourcesBuildPhase section */
		C9B8D9FD2B9AA44100CA2E0D /* Resources */ = {
			isa = PBXResourcesBuildPhase;
			buildActionMask = 2147483647;
			files = (
				C9B8DA382B9ABAA400CA2E0D /* Preview Assets.xcassets in Resources */,
				C9B8DA072B9AA44200CA2E0D /* Assets.xcassets in Resources */,
			);
			runOnlyForDeploymentPostprocessing = 0;
		};
		C9B8DA0E2B9AA44200CA2E0D /* Resources */ = {
			isa = PBXResourcesBuildPhase;
			buildActionMask = 2147483647;
			files = (
			);
			runOnlyForDeploymentPostprocessing = 0;
		};
		C9B8DA182B9AA44300CA2E0D /* Resources */ = {
			isa = PBXResourcesBuildPhase;
			buildActionMask = 2147483647;
			files = (
			);
			runOnlyForDeploymentPostprocessing = 0;
		};
/* End PBXResourcesBuildPhase section */

/* Begin PBXSourcesBuildPhase section */
		C9B8D9FB2B9AA44100CA2E0D /* Sources */ = {
			isa = PBXSourcesBuildPhase;
			buildActionMask = 2147483647;
			files = (
				C92FD1972B9B0F6500741F9C /* Buttons.swift in Sources */,
				C9B8DA332B9AB1A800CA2E0D /* LifeEntity.swift in Sources */,
				C9B8DA052B9AA44100CA2E0D /* Life.swift in Sources */,
				C9B8DA032B9AA44100CA2E0D /* MtgLifeCounter_iOSApp.swift in Sources */,
				C9B8DA302B9AAA3900CA2E0D /* Counter.swift in Sources */,
			);
			runOnlyForDeploymentPostprocessing = 0;
		};
		C9B8DA0C2B9AA44200CA2E0D /* Sources */ = {
			isa = PBXSourcesBuildPhase;
			buildActionMask = 2147483647;
			files = (
				C9B8DA152B9AA44200CA2E0D /* mtg_life_counter_iosTests.swift in Sources */,
			);
			runOnlyForDeploymentPostprocessing = 0;
		};
		C9B8DA162B9AA44300CA2E0D /* Sources */ = {
			isa = PBXSourcesBuildPhase;
			buildActionMask = 2147483647;
			files = (
				C9B8DA212B9AA44300CA2E0D /* mtg_life_counter_iosUITestsLaunchTests.swift in Sources */,
				C9B8DA1F2B9AA44300CA2E0D /* mtg_life_counter_iosUITests.swift in Sources */,
			);
			runOnlyForDeploymentPostprocessing = 0;
		};
/* End PBXSourcesBuildPhase section */

/* Begin PBXTargetDependency section */
		C9B8DA122B9AA44200CA2E0D /* PBXTargetDependency */ = {
			isa = PBXTargetDependency;
			target = C9B8D9FE2B9AA44100CA2E0D /* mtg-life-counter-ios */;
			targetProxy = C9B8DA112B9AA44200CA2E0D /* PBXContainerItemProxy */;
		};
		C9B8DA1C2B9AA44300CA2E0D /* PBXTargetDependency */ = {
			isa = PBXTargetDependency;
			target = C9B8D9FE2B9AA44100CA2E0D /* mtg-life-counter-ios */;
			targetProxy = C9B8DA1B2B9AA44300CA2E0D /* PBXContainerItemProxy */;
		};
/* End PBXTargetDependency section */

/* Begin XCBuildConfiguration section */
		C9B8DA222B9AA44300CA2E0D /* Debug */ = {
			isa = XCBuildConfiguration;
			buildSettings = {
				ALWAYS_SEARCH_USER_PATHS = NO;
				ASSETCATALOG_COMPILER_GENERATE_SWIFT_ASSET_SYMBOL_EXTENSIONS = YES;
				CLANG_ANALYZER_NONNULL = YES;
				CLANG_ANALYZER_NUMBER_OBJECT_CONVERSION = YES_AGGRESSIVE;
				CLANG_CXX_LANGUAGE_STANDARD = "gnu++20";
				CLANG_ENABLE_MODULES = YES;
				CLANG_ENABLE_OBJC_ARC = YES;
				CLANG_ENABLE_OBJC_WEAK = YES;
				CLANG_WARN_BLOCK_CAPTURE_AUTORELEASING = YES;
				CLANG_WARN_BOOL_CONVERSION = YES;
				CLANG_WARN_COMMA = YES;
				CLANG_WARN_CONSTANT_CONVERSION = YES;
				CLANG_WARN_DEPRECATED_OBJC_IMPLEMENTATIONS = YES;
				CLANG_WARN_DIRECT_OBJC_ISA_USAGE = YES_ERROR;
				CLANG_WARN_DOCUMENTATION_COMMENTS = YES;
				CLANG_WARN_EMPTY_BODY = YES;
				CLANG_WARN_ENUM_CONVERSION = YES;
				CLANG_WARN_INFINITE_RECURSION = YES;
				CLANG_WARN_INT_CONVERSION = YES;
				CLANG_WARN_NON_LITERAL_NULL_CONVERSION = YES;
				CLANG_WARN_OBJC_IMPLICIT_RETAIN_SELF = YES;
				CLANG_WARN_OBJC_LITERAL_CONVERSION = YES;
				CLANG_WARN_OBJC_ROOT_CLASS = YES_ERROR;
				CLANG_WARN_QUOTED_INCLUDE_IN_FRAMEWORK_HEADER = YES;
				CLANG_WARN_RANGE_LOOP_ANALYSIS = YES;
				CLANG_WARN_STRICT_PROTOTYPES = YES;
				CLANG_WARN_SUSPICIOUS_MOVE = YES;
				CLANG_WARN_UNGUARDED_AVAILABILITY = YES_AGGRESSIVE;
				CLANG_WARN_UNREACHABLE_CODE = YES;
				CLANG_WARN__DUPLICATE_METHOD_MATCH = YES;
				COPY_PHASE_STRIP = NO;
				DEBUG_INFORMATION_FORMAT = dwarf;
				ENABLE_STRICT_OBJC_MSGSEND = YES;
				ENABLE_TESTABILITY = YES;
				ENABLE_USER_SCRIPT_SANDBOXING = YES;
				GCC_C_LANGUAGE_STANDARD = gnu17;
				GCC_DYNAMIC_NO_PIC = NO;
				GCC_NO_COMMON_BLOCKS = YES;
				GCC_OPTIMIZATION_LEVEL = 0;
				GCC_PREPROCESSOR_DEFINITIONS = (
					"DEBUG=1",
					"$(inherited)",
				);
				GCC_WARN_64_TO_32_BIT_CONVERSION = YES;
				GCC_WARN_ABOUT_RETURN_TYPE = YES_ERROR;
				GCC_WARN_UNDECLARED_SELECTOR = YES;
				GCC_WARN_UNINITIALIZED_AUTOS = YES_AGGRESSIVE;
				GCC_WARN_UNUSED_FUNCTION = YES;
				GCC_WARN_UNUSED_VARIABLE = YES;
				LOCALIZATION_PREFERS_STRING_CATALOGS = YES;
				MTL_ENABLE_DEBUG_INFO = INCLUDE_SOURCE;
				MTL_FAST_MATH = YES;
				ONLY_ACTIVE_ARCH = YES;
				SWIFT_ACTIVE_COMPILATION_CONDITIONS = "DEBUG $(inherited)";
				SWIFT_OPTIMIZATION_LEVEL = "-Onone";
			};
			name = Debug;
		};
		C9B8DA232B9AA44300CA2E0D /* Release */ = {
			isa = XCBuildConfiguration;
			buildSettings = {
				ALWAYS_SEARCH_USER_PATHS = NO;
				ASSETCATALOG_COMPILER_GENERATE_SWIFT_ASSET_SYMBOL_EXTENSIONS = YES;
				CLANG_ANALYZER_NONNULL = YES;
				CLANG_ANALYZER_NUMBER_OBJECT_CONVERSION = YES_AGGRESSIVE;
				CLANG_CXX_LANGUAGE_STANDARD = "gnu++20";
				CLANG_ENABLE_MODULES = YES;
				CLANG_ENABLE_OBJC_ARC = YES;
				CLANG_ENABLE_OBJC_WEAK = YES;
				CLANG_WARN_BLOCK_CAPTURE_AUTORELEASING = YES;
				CLANG_WARN_BOOL_CONVERSION = YES;
				CLANG_WARN_COMMA = YES;
				CLANG_WARN_CONSTANT_CONVERSION = YES;
				CLANG_WARN_DEPRECATED_OBJC_IMPLEMENTATIONS = YES;
				CLANG_WARN_DIRECT_OBJC_ISA_USAGE = YES_ERROR;
				CLANG_WARN_DOCUMENTATION_COMMENTS = YES;
				CLANG_WARN_EMPTY_BODY = YES;
				CLANG_WARN_ENUM_CONVERSION = YES;
				CLANG_WARN_INFINITE_RECURSION = YES;
				CLANG_WARN_INT_CONVERSION = YES;
				CLANG_WARN_NON_LITERAL_NULL_CONVERSION = YES;
				CLANG_WARN_OBJC_IMPLICIT_RETAIN_SELF = YES;
				CLANG_WARN_OBJC_LITERAL_CONVERSION = YES;
				CLANG_WARN_OBJC_ROOT_CLASS = YES_ERROR;
				CLANG_WARN_QUOTED_INCLUDE_IN_FRAMEWORK_HEADER = YES;
				CLANG_WARN_RANGE_LOOP_ANALYSIS = YES;
				CLANG_WARN_STRICT_PROTOTYPES = YES;
				CLANG_WARN_SUSPICIOUS_MOVE = YES;
				CLANG_WARN_UNGUARDED_AVAILABILITY = YES_AGGRESSIVE;
				CLANG_WARN_UNREACHABLE_CODE = YES;
				CLANG_WARN__DUPLICATE_METHOD_MATCH = YES;
				COPY_PHASE_STRIP = NO;
				DEBUG_INFORMATION_FORMAT = "dwarf-with-dsym";
				ENABLE_NS_ASSERTIONS = NO;
				ENABLE_STRICT_OBJC_MSGSEND = YES;
				ENABLE_USER_SCRIPT_SANDBOXING = YES;
				GCC_C_LANGUAGE_STANDARD = gnu17;
				GCC_NO_COMMON_BLOCKS = YES;
				GCC_WARN_64_TO_32_BIT_CONVERSION = YES;
				GCC_WARN_ABOUT_RETURN_TYPE = YES_ERROR;
				GCC_WARN_UNDECLARED_SELECTOR = YES;
				GCC_WARN_UNINITIALIZED_AUTOS = YES_AGGRESSIVE;
				GCC_WARN_UNUSED_FUNCTION = YES;
				GCC_WARN_UNUSED_VARIABLE = YES;
				LOCALIZATION_PREFERS_STRING_CATALOGS = YES;
				MTL_ENABLE_DEBUG_INFO = NO;
				MTL_FAST_MATH = YES;
				SWIFT_COMPILATION_MODE = wholemodule;
			};
			name = Release;
		};
		C9B8DA252B9AA44300CA2E0D /* Debug */ = {
			isa = XCBuildConfiguration;
			buildSettings = {
				ASSETCATALOG_COMPILER_APPICON_NAME = AppIcon;
				ASSETCATALOG_COMPILER_GLOBAL_ACCENT_COLOR_NAME = AccentColor;
				CODE_SIGN_ENTITLEMENTS = "mtg-life-counter-ios/asset/mtg_life_counter_ios.entitlements";
				CODE_SIGN_STYLE = Automatic;
				CURRENT_PROJECT_VERSION = 1.0;
				DEVELOPMENT_ASSET_PATHS = "\"mtg-life-counter-ios/asset\"";
				DEVELOPMENT_TEAM = HPMKBR3QXZ;
				ENABLE_PREVIEWS = YES;
				GENERATE_INFOPLIST_FILE = YES;
				"INFOPLIST_KEY_UIApplicationSceneManifest_Generation[sdk=iphoneos*]" = YES;
				"INFOPLIST_KEY_UIApplicationSceneManifest_Generation[sdk=iphonesimulator*]" = YES;
				"INFOPLIST_KEY_UIApplicationSupportsIndirectInputEvents[sdk=iphoneos*]" = YES;
				"INFOPLIST_KEY_UIApplicationSupportsIndirectInputEvents[sdk=iphonesimulator*]" = YES;
				"INFOPLIST_KEY_UILaunchScreen_Generation[sdk=iphoneos*]" = YES;
				"INFOPLIST_KEY_UILaunchScreen_Generation[sdk=iphonesimulator*]" = YES;
				INFOPLIST_KEY_UIStatusBarStyle = UIStatusBarStyleDarkContent;
				"INFOPLIST_KEY_UIStatusBarStyle[sdk=iphoneos*]" = UIStatusBarStyleDefault;
				"INFOPLIST_KEY_UIStatusBarStyle[sdk=iphonesimulator*]" = UIStatusBarStyleDefault;
				INFOPLIST_KEY_UISupportedInterfaceOrientations = UIInterfaceOrientationLandscapeRight;
				IPHONEOS_DEPLOYMENT_TARGET = 17.2;
				LD_RUNPATH_SEARCH_PATHS = "@executable_path/Frameworks";
				"LD_RUNPATH_SEARCH_PATHS[sdk=macosx*]" = "@executable_path/../Frameworks";
				MACOSX_DEPLOYMENT_TARGET = 14.2;
				MARKETING_VERSION = 1.0;
				PRODUCT_BUNDLE_IDENTIFIER = "jp.kuskyst.mtg-life-counter-ios";
				PRODUCT_NAME = "$(TARGET_NAME)";
				SDKROOT = auto;
				SUPPORTED_PLATFORMS = "iphoneos iphonesimulator";
				SUPPORTS_MACCATALYST = NO;
				SWIFT_EMIT_LOC_STRINGS = YES;
				SWIFT_VERSION = 5.0;
				TARGETED_DEVICE_FAMILY = 1;
			};
			name = Debug;
		};
		C9B8DA262B9AA44300CA2E0D /* Release */ = {
			isa = XCBuildConfiguration;
			buildSettings = {
				ASSETCATALOG_COMPILER_APPICON_NAME = AppIcon;
				ASSETCATALOG_COMPILER_GLOBAL_ACCENT_COLOR_NAME = AccentColor;
				CODE_SIGN_ENTITLEMENTS = "mtg-life-counter-ios/asset/mtg_life_counter_ios.entitlements";
				CODE_SIGN_STYLE = Automatic;
				CURRENT_PROJECT_VERSION = 1.0;
				DEVELOPMENT_ASSET_PATHS = "\"mtg-life-counter-ios/asset\"";
				DEVELOPMENT_TEAM = HPMKBR3QXZ;
				ENABLE_PREVIEWS = YES;
				GENERATE_INFOPLIST_FILE = YES;
				"INFOPLIST_KEY_UIApplicationSceneManifest_Generation[sdk=iphoneos*]" = YES;
				"INFOPLIST_KEY_UIApplicationSceneManifest_Generation[sdk=iphonesimulator*]" = YES;
				"INFOPLIST_KEY_UIApplicationSupportsIndirectInputEvents[sdk=iphoneos*]" = YES;
				"INFOPLIST_KEY_UIApplicationSupportsIndirectInputEvents[sdk=iphonesimulator*]" = YES;
				"INFOPLIST_KEY_UILaunchScreen_Generation[sdk=iphoneos*]" = YES;
				"INFOPLIST_KEY_UILaunchScreen_Generation[sdk=iphonesimulator*]" = YES;
				INFOPLIST_KEY_UIStatusBarStyle = UIStatusBarStyleDarkContent;
				"INFOPLIST_KEY_UIStatusBarStyle[sdk=iphoneos*]" = UIStatusBarStyleDefault;
				"INFOPLIST_KEY_UIStatusBarStyle[sdk=iphonesimulator*]" = UIStatusBarStyleDefault;
				INFOPLIST_KEY_UISupportedInterfaceOrientations = UIInterfaceOrientationLandscapeRight;
				IPHONEOS_DEPLOYMENT_TARGET = 17.2;
				LD_RUNPATH_SEARCH_PATHS = "@executable_path/Frameworks";
				"LD_RUNPATH_SEARCH_PATHS[sdk=macosx*]" = "@executable_path/../Frameworks";
				MACOSX_DEPLOYMENT_TARGET = 14.2;
				MARKETING_VERSION = 1.0;
				PRODUCT_BUNDLE_IDENTIFIER = "jp.kuskyst.mtg-life-counter-ios";
				PRODUCT_NAME = "$(TARGET_NAME)";
				SDKROOT = auto;
				SUPPORTED_PLATFORMS = "iphoneos iphonesimulator";
				SUPPORTS_MACCATALYST = NO;
				SWIFT_EMIT_LOC_STRINGS = YES;
				SWIFT_VERSION = 5.0;
				TARGETED_DEVICE_FAMILY = 1;
			};
			name = Release;
		};
		C9B8DA282B9AA44300CA2E0D /* Debug */ = {
			isa = XCBuildConfiguration;
			buildSettings = {
				ALWAYS_EMBED_SWIFT_STANDARD_LIBRARIES = YES;
				BUNDLE_LOADER = "$(TEST_HOST)";
				CODE_SIGN_STYLE = Automatic;
				CURRENT_PROJECT_VERSION = 1;
				GENERATE_INFOPLIST_FILE = YES;
				IPHONEOS_DEPLOYMENT_TARGET = 17.2;
				MACOSX_DEPLOYMENT_TARGET = 14.2;
				MARKETING_VERSION = 1.0;
				PRODUCT_BUNDLE_IDENTIFIER = "jp.kuskyst.mtg-life-counter-iosTests";
				PRODUCT_NAME = "$(TARGET_NAME)";
				SDKROOT = auto;
				SUPPORTED_PLATFORMS = "iphoneos iphonesimulator macosx";
				SWIFT_EMIT_LOC_STRINGS = NO;
				SWIFT_VERSION = 5.0;
				TARGETED_DEVICE_FAMILY = "1,2";
				TEST_HOST = "$(BUILT_PRODUCTS_DIR)/mtg-life-counter-ios.app/$(BUNDLE_EXECUTABLE_FOLDER_PATH)/mtg-life-counter-ios";
			};
			name = Debug;
		};
		C9B8DA292B9AA44300CA2E0D /* Release */ = {
			isa = XCBuildConfiguration;
			buildSettings = {
				ALWAYS_EMBED_SWIFT_STANDARD_LIBRARIES = YES;
				BUNDLE_LOADER = "$(TEST_HOST)";
				CODE_SIGN_STYLE = Automatic;
				CURRENT_PROJECT_VERSION = 1;
				GENERATE_INFOPLIST_FILE = YES;
				IPHONEOS_DEPLOYMENT_TARGET = 17.2;
				MACOSX_DEPLOYMENT_TARGET = 14.2;
				MARKETING_VERSION = 1.0;
				PRODUCT_BUNDLE_IDENTIFIER = "jp.kuskyst.mtg-life-counter-iosTests";
				PRODUCT_NAME = "$(TARGET_NAME)";
				SDKROOT = auto;
				SUPPORTED_PLATFORMS = "iphoneos iphonesimulator macosx";
				SWIFT_EMIT_LOC_STRINGS = NO;
				SWIFT_VERSION = 5.0;
				TARGETED_DEVICE_FAMILY = "1,2";
				TEST_HOST = "$(BUILT_PRODUCTS_DIR)/mtg-life-counter-ios.app/$(BUNDLE_EXECUTABLE_FOLDER_PATH)/mtg-life-counter-ios";
			};
			name = Release;
		};
		C9B8DA2B2B9AA44300CA2E0D /* Debug */ = {
			isa = XCBuildConfiguration;
			buildSettings = {
				ALWAYS_EMBED_SWIFT_STANDARD_LIBRARIES = YES;
				CODE_SIGN_STYLE = Automatic;
				CURRENT_PROJECT_VERSION = 1;
				GENERATE_INFOPLIST_FILE = YES;
				IPHONEOS_DEPLOYMENT_TARGET = 17.2;
				MACOSX_DEPLOYMENT_TARGET = 14.2;
				MARKETING_VERSION = 1.0;
				PRODUCT_BUNDLE_IDENTIFIER = "jp.kuskyst.mtg-life-counter-iosUITests";
				PRODUCT_NAME = "$(TARGET_NAME)";
				SDKROOT = auto;
				SUPPORTED_PLATFORMS = "iphoneos iphonesimulator macosx";
				SWIFT_EMIT_LOC_STRINGS = NO;
				SWIFT_VERSION = 5.0;
				TARGETED_DEVICE_FAMILY = "1,2";
				TEST_TARGET_NAME = "mtg-life-counter-ios";
			};
			name = Debug;
		};
		C9B8DA2C2B9AA44300CA2E0D /* Release */ = {
			isa = XCBuildConfiguration;
			buildSettings = {
				ALWAYS_EMBED_SWIFT_STANDARD_LIBRARIES = YES;
				CODE_SIGN_STYLE = Automatic;
				CURRENT_PROJECT_VERSION = 1;
				GENERATE_INFOPLIST_FILE = YES;
				IPHONEOS_DEPLOYMENT_TARGET = 17.2;
				MACOSX_DEPLOYMENT_TARGET = 14.2;
				MARKETING_VERSION = 1.0;
				PRODUCT_BUNDLE_IDENTIFIER = "jp.kuskyst.mtg-life-counter-iosUITests";
				PRODUCT_NAME = "$(TARGET_NAME)";
				SDKROOT = auto;
				SUPPORTED_PLATFORMS = "iphoneos iphonesimulator macosx";
				SWIFT_EMIT_LOC_STRINGS = NO;
				SWIFT_VERSION = 5.0;
				TARGETED_DEVICE_FAMILY = "1,2";
				TEST_TARGET_NAME = "mtg-life-counter-ios";
			};
			name = Release;
		};
/* End XCBuildConfiguration section */

/* Begin XCConfigurationList section */
		C9B8D9FA2B9AA44100CA2E0D /* Build configuration list for PBXProject "mtg-life-counter-ios" */ = {
			isa = XCConfigurationList;
			buildConfigurations = (
				C9B8DA222B9AA44300CA2E0D /* Debug */,
				C9B8DA232B9AA44300CA2E0D /* Release */,
			);
			defaultConfigurationIsVisible = 0;
			defaultConfigurationName = Release;
		};
		C9B8DA242B9AA44300CA2E0D /* Build configuration list for PBXNativeTarget "mtg-life-counter-ios" */ = {
			isa = XCConfigurationList;
			buildConfigurations = (
				C9B8DA252B9AA44300CA2E0D /* Debug */,
				C9B8DA262B9AA44300CA2E0D /* Release */,
			);
			defaultConfigurationIsVisible = 0;
			defaultConfigurationName = Release;
		};
		C9B8DA272B9AA44300CA2E0D /* Build configuration list for PBXNativeTarget "mtg-life-counter-iosTests" */ = {
			isa = XCConfigurationList;
			buildConfigurations = (
				C9B8DA282B9AA44300CA2E0D /* Debug */,
				C9B8DA292B9AA44300CA2E0D /* Release */,
			);
			defaultConfigurationIsVisible = 0;
			defaultConfigurationName = Release;
		};
		C9B8DA2A2B9AA44300CA2E0D /* Build configuration list for PBXNativeTarget "mtg-life-counter-iosUITests" */ = {
			isa = XCConfigurationList;
			buildConfigurations = (
				C9B8DA2B2B9AA44300CA2E0D /* Debug */,
				C9B8DA2C2B9AA44300CA2E0D /* Release */,
			);
			defaultConfigurationIsVisible = 0;
			defaultConfigurationName = Release;
		};
/* End XCConfigurationList section */
	};
	rootObject = C9B8D9F72B9AA44100CA2E0D /* Project object */;
}
